
Microsoft Visual Studio Solution File, Format Version 12.00
# Visual Studio 15
Project("{FAE04EC0-301F-11D3-BF4B-00C04F79EFBC}") = "Advanced-Projectile-Physics", "Assembly-CSharp.csproj", "{ABAC7EE9-1262-DAE6-A7EC-EB1EE5ACF8F6}"
EndProject
Project("{FAE04EC0-301F-11D3-BF4B-00C04F79EFBC}") = "Advanced-Projectile-Physics", "Assembly-CSharp-Editor.csproj", "{DC4EB5C1-29E3-A033-4889-8A682BB0BA33}"
EndProject
Global
	GlobalSection(SolutionConfigurationPlatforms) = preSolution
		Debug|Any CPU = Debug|Any CPU
		Release|Any CPU = Release|Any CPU
	EndGlobalSection
	GlobalSection(ProjectConfigurationPlatforms) = postSolution
		{ABAC7EE9-1262-DAE6-A7EC-EB1EE5ACF8F6}.Debug|Any CPU.ActiveCfg = Debug|Any CPU
		{ABAC7EE9-1262-DAE6-A7EC-EB1EE5ACF8F6}.Debug|Any CPU.Build.0 = Debug|Any CPU
		{ABAC7EE9-1262-DAE6-A7EC-EB1EE5ACF8F6}.Release|Any CPU.ActiveCfg = Release|Any CPU
		{ABAC7EE9-1262-DAE6-A7EC-EB1EE5ACF8F6}.Release|Any CPU.Build.0 = Release|Any CPU
		{DC4EB5C1-29E3-A033-4889-8A682BB0BA33}.Debug|Any CPU.ActiveCfg = Debug|Any CPU
		{DC4EB5C1-29E3-A033-4889-8A682BB0BA33}.Debug|Any CPU.Build.0 = Debug|Any CPU
		{DC4EB5C1-29E3-A033-4889-8A682BB0BA33}.Release|Any CPU.ActiveCfg = Release|Any CPU
		{DC4EB5C1-29E3-A033-4889-8A682BB0BA33}.Release|Any CPU.Build.0 = Release|Any CPU
	EndGlobalSection
	GlobalSection(SolutionProperties) = preSolution
		HideSolutionNode = FALSE
	EndGlobalSection
EndGlobal
